
Microsoft Visual Studio Solution File, Format Version 12.00
# Visual Studio Version 17
VisualStudioVersion = 17.8.34525.116
MinimumVisualStudioVersion = 10.0.40219.1
Project("{9A19103F-16F7-4668-BE54-9A1E7A4F7556}") = "BlazorApp1", "BlazorApp1\BlazorApp1\BlazorApp1.csproj", "{45FC1F0E-FB69-432E-B08E-F05838F4E2B6}"
EndProject
Project("{9A19103F-16F7-4668-BE54-9A1E7A4F7556}") = "BlazorApp1.Client", "BlazorApp1\BlazorApp1.Client\BlazorApp1.Client.csproj", "{3439A991-4EAA-43C4-BDE2-5F8A73472705}"
EndProject
Project("{9A19103F-16F7-4668-BE54-9A1E7A4F7556}") = "BlazorApp1.Models", "BlazorApp1.Models\BlazorApp1.Models.csproj", "{9F1F171A-225C-45F1-B091-9670E147796A}"
EndProject
Global
	GlobalSection(SolutionConfigurationPlatforms) = preSolution
		Debug|Any CPU = Debug|Any CPU
		Release|Any CPU = Release|Any CPU
	EndGlobalSection
	GlobalSection(ProjectConfigurationPlatforms) = postSolution
		{45FC1F0E-FB69-432E-B08E-F05838F4E2B6}.Debug|Any CPU.ActiveCfg = Debug|Any CPU
		{45FC1F0E-FB69-432E-B08E-F05838F4E2B6}.Debug|Any CPU.Build.0 = Debug|Any CPU
		{45FC1F0E-FB69-432E-B08E-F05838F4E2B6}.Release|Any CPU.ActiveCfg = Release|Any CPU
		{45FC1F0E-FB69-432E-B08E-F05838F4E2B6}.Release|Any CPU.Build.0 = Release|Any CPU
		{3439A991-4EAA-43C4-BDE2-5F8A73472705}.Debug|Any CPU.ActiveCfg = Debug|Any CPU
		{3439A991-4EAA-43C4-BDE2-5F8A73472705}.Debug|Any CPU.Build.0 = Debug|Any CPU
		{3439A991-4EAA-43C4-BDE2-5F8A73472705}.Release|Any CPU.ActiveCfg = Release|Any CPU
		{3439A991-4EAA-43C4-BDE2-5F8A73472705}.Release|Any CPU.Build.0 = Release|Any CPU
		{9F1F171A-225C-45F1-B091-9670E147796A}.Debug|Any CPU.ActiveCfg = Debug|Any CPU
		{9F1F171A-225C-45F1-B091-9670E147796A}.Debug|Any CPU.Build.0 = Debug|Any CPU
		{9F1F171A-225C-45F1-B091-9670E147796A}.Release|Any CPU.ActiveCfg = Release|Any CPU
		{9F1F171A-225C-45F1-B091-9670E147796A}.Release|Any CPU.Build.0 = Release|Any CPU
	EndGlobalSection
	GlobalSection(SolutionProperties) = preSolution
		HideSolutionNode = FALSE
	EndGlobalSection
	GlobalSection(ExtensibilityGlobals) = postSolution
		SolutionGuid = {2E6B4C8D-68E7-47BC-920A-03CC49A62D0D}
	EndGlobalSection
EndGlobal
